<?xml version="1.0" encoding="UTF-8"?>
<CONFIG>
  <ProjectOptions>
    <Version Value="9"/>
    <PathDelim Value="\"/>
    <General>
      <MainUnit Value="0"/>
      <AutoCreateForms Value="False"/>
      <ResourceType Value="res"/>
      <UseXPManifest Value="True"/>
      <Icon Value="0"/>
    </General>
    <i18n>
      <EnableI18N LFM="False"/>
    </i18n>
    <VersionInfo>
      <StringTable ProductVersion=""/>
    </VersionInfo>
    <BuildModes Count="1" Active="Default">
      <Item1 Name="Default" Default="True"/>
    </BuildModes>
    <PublishOptions>
      <Version Value="2"/>
      <IncludeFileFilter Value="*.(pas|pp|inc|lfm|lpr|lrs|lpi|lpk|sh|xml)"/>
      <ExcludeFileFilter Value="*.(bak|ppu|o|so);*~;backup"/>
    </PublishOptions>
    <RunParams>
      <local>
        <FormatVersion Value="1"/>
      </local>
    </RunParams>
    <RequiredPackages Count="2">
      <Item1>
        <PackageName Value="SynEdit"/>
        <MinVersion Major="1" Valid="True"/>
      </Item1>
      <Item2>
        <PackageName Value="LCL"/>
      </Item2>
    </RequiredPackages>
    <Units Count="42">
      <Unit0>
        <Filename Value="pInterface.lpr"/>
        <IsPartOfProject Value="True"/>
        <CursorPos X="37" Y="18"/>
        <UsageCount Value="79"/>
        <Loaded Value="True"/>
      </Unit0>
      <Unit1>
        <Filename Value="forms\ufrminicial.pas"/>
        <IsPartOfProject Value="True"/>
        <ComponentName Value="frmInicial"/>
        <HasResources Value="True"/>
        <ResourceBaseClass Value="Form"/>
        <UnitName Value="ufrmInicial"/>
        <EditorIndex Value="-1"/>
        <TopLine Value="76"/>
        <CursorPos X="31" Y="97"/>
        <UsageCount Value="79"/>
        <Bookmarks Count="1">
          <Item0 X="3" Y="122" ID="3"/>
        </Bookmarks>
      </Unit1>
      <Unit2>
        <Filename Value="forms\uFodastico.pas"/>
        <IsPartOfProject Value="True"/>
        <ComponentName Value="frmFodastico"/>
        <HasResources Value="True"/>
        <ResourceBaseClass Value="Form"/>
        <EditorIndex Value="-1"/>
        <TopLine Value="9"/>
        <CursorPos X="5" Y="28"/>
        <UsageCount Value="78"/>
      </Unit2>
      <Unit3>
        <Filename Value="forms\ufrmbasedados.pas"/>
        <ComponentName Value="Form1"/>
        <HasResources Value="True"/>
        <ResourceBaseClass Value="Form"/>
        <CursorPos X="47" Y="27"/>
        <UsageCount Value="17"/>
      </Unit3>
      <Unit4>
        <Filename Value="forms\uInterfaceteste.pas"/>
        <IsPartOfProject Value="True"/>
        <ComponentName Value="frmTeste"/>
        <HasResources Value="True"/>
        <ResourceBaseClass Value="Form"/>
        <EditorIndex Value="-1"/>
        <CursorPos X="21"/>
        <UsageCount Value="78"/>
      </Unit4>
      <Unit5>
        <Filename Value="forms\ufrmIdeogramas.pas"/>
        <ComponentName Value="frmIdeogramas"/>
        <HasResources Value="True"/>
        <ResourceBaseClass Value="Form"/>
        <CursorPos X="4" Y="26"/>
        <UsageCount Value="17"/>
      </Unit5>
      <Unit6>
        <Filename Value="forms\uTreeview.pas"/>
        <IsPartOfProject Value="True"/>
        <ComponentName Value="frmtreeview"/>
        <HasResources Value="True"/>
        <ResourceBaseClass Value="Form"/>
        <EditorIndex Value="-1"/>
        <TopLine Value="10"/>
        <CursorPos X="5" Y="29"/>
        <UsageCount Value="78"/>
      </Unit6>
      <Unit7>
        <Filename Value="units\ucoisa.pas"/>
        <UnitName Value="Ucoisa"/>
        <EditorIndex Value="-1"/>
        <CursorPos X="34" Y="35"/>
        <UsageCount Value="24"/>
      </Unit7>
      <Unit8>
        <Filename Value="C:\lazarus\lcl\include\control.inc"/>
        <TopLine Value="2269"/>
        <CursorPos Y="2288"/>
        <UsageCount Value="7"/>
      </Unit8>
      <Unit9>
        <Filename Value="units\upensamento.pas"/>
        <UnitName Value="Upensamento"/>
        <TopLine Value="36"/>
        <CursorPos X="35" Y="48"/>
        <UsageCount Value="20"/>
        <Bookmarks Count="2">
          <Item0 X="3" Y="73" ID="1"/>
          <Item1 X="3" Y="281" ID="2"/>
        </Bookmarks>
      </Unit9>
      <Unit10>
        <Filename Value="units\utarefa.pas"/>
        <UnitName Value="Utarefa"/>
        <TopLine Value="364"/>
        <CursorPos Y="389"/>
        <UsageCount Value="20"/>
      </Unit10>
      <Unit11>
        <Filename Value="C:\lazarus\fpc\2.4.2\source\rtl\objpas\classes\classesh.inc"/>
        <TopLine Value="261"/>
        <CursorPos X="38" Y="286"/>
        <UsageCount Value="20"/>
      </Unit11>
      <Unit12>
        <Filename Value="C:\lazarus\fpc\2.4.2\source\rtl\objpas\classes\lists.inc"/>
        <TopLine Value="633"/>
        <CursorPos X="13" Y="638"/>
        <UsageCount Value="20"/>
      </Unit12>
      <Unit13>
        <Filename Value="C:\lazarus\fpc\2.4.2\source\rtl\inc\objpash.inc"/>
        <TopLine Value="184"/>
        <CursorPos X="26" Y="203"/>
        <UsageCount Value="20"/>
      </Unit13>
      <Unit14>
        <Filename Value="units\uarquivos.pas"/>
        <UnitName Value="Uarquivos"/>
        <EditorIndex Value="-1"/>
        <TopLine Value="745"/>
        <CursorPos X="96" Y="654"/>
        <UsageCount Value="20"/>
      </Unit14>
      <Unit15>
        <Filename Value="C:\lazarus\components\codetools\linkscanner.pas"/>
        <UnitName Value="LinkScanner"/>
        <TopLine Value="170"/>
        <CursorPos X="17" Y="179"/>
        <UsageCount Value="7"/>
      </Unit15>
      <Unit16>
        <Filename Value="C:\lazarus\components\aggpas\src\agg_vertex_sequence.pas"/>
        <TopLine Value="37"/>
        <CursorPos X="2" Y="48"/>
        <UsageCount Value="7"/>
      </Unit16>
      <Unit17>
        <Filename Value="C:\lazarus\fpc\2.4.2\source\packages\fcl-base\src\contnrs.pp"/>
        <TopLine Value="14"/>
        <CursorPos X="32" Y="35"/>
        <UsageCount Value="19"/>
      </Unit17>
      <Unit18>
        <Filename Value="C:\lazarus\lcl\customtimer.pas"/>
        <UnitName Value="CustomTimer"/>
        <TopLine Value="141"/>
        <CursorPos Y="182"/>
        <UsageCount Value="7"/>
      </Unit18>
      <Unit19>
        <Filename Value="C:\lazarus\lcl\interfaces\win32\win32callback.inc"/>
        <TopLine Value="2677"/>
        <CursorPos Y="2711"/>
        <UsageCount Value="7"/>
      </Unit19>
      <Unit20>
        <Filename Value="units\Uintencidade.pas"/>
        <TopLine Value="17"/>
        <CursorPos X="27" Y="36"/>
        <UsageCount Value="12"/>
      </Unit20>
      <Unit21>
        <Filename Value="units\uFuncoes.pas"/>
        <EditorIndex Value="-1"/>
        <CursorPos X="20" Y="99"/>
        <UsageCount Value="14"/>
      </Unit21>
      <Unit22>
        <Filename Value="ufrmInicial.pas"/>
        <CursorPos X="3" Y="11"/>
        <UsageCount Value="8"/>
      </Unit22>
      <Unit23>
        <Filename Value="forms\ufrmabas.pas"/>
        <IsPartOfProject Value="True"/>
        <ComponentName Value="frmAbas"/>
        <HasResources Value="True"/>
        <ResourceBaseClass Value="Form"/>
        <IsVisibleTab Value="True"/>
        <EditorIndex Value="1"/>
        <TopLine Value="204"/>
        <CursorPos X="3" Y="209"/>
        <UsageCount Value="52"/>
        <Loaded Value="True"/>
      </Unit23>
      <Unit24>
        <Filename Value="forms\ufrmbasetdi.pas"/>
        <IsPartOfProject Value="True"/>
        <ComponentName Value="frmBaseTdi"/>
        <HasResources Value="True"/>
        <ResourceBaseClass Value="Form"/>
        <UnitName Value="ufrmBaseTdi"/>
        <EditorIndex Value="-1"/>
        <TopLine Value="35"/>
        <CursorPos Y="66"/>
        <UsageCount Value="52"/>
      </Unit24>
      <Unit25>
        <Filename Value="forms\abas\ufrmInterface1.pas"/>
        <IsPartOfProject Value="True"/>
        <ComponentName Value="frmInterface1"/>
        <HasResources Value="True"/>
        <ResourceBaseClass Value="Form"/>
        <EditorIndex Value="-1"/>
        <TopLine Value="12"/>
        <CursorPos X="5" Y="31"/>
        <UsageCount Value="43"/>
        <Bookmarks Count="2">
          <Item0 X="30" Y="420" ID="1"/>
          <Item1 X="16" Y="9" ID="2"/>
        </Bookmarks>
      </Unit25>
      <Unit26>
        <Filename Value="units\uttabsheettdi.pas"/>
        <EditorIndex Value="-1"/>
        <TopLine Value="22"/>
        <CursorPos X="63" Y="48"/>
        <UsageCount Value="19"/>
      </Unit26>
      <Unit27>
        <Filename Value="C:\lazarus\lcl\include\menuitem.inc"/>
        <TopLine Value="55"/>
        <CursorPos Y="77"/>
        <UsageCount Value="14"/>
      </Unit27>
      <Unit28>
        <Filename Value="C:\lazarus\fpc\2.4.2\source\rtl\win\wininc\redef.inc"/>
        <TopLine Value="470"/>
        <CursorPos X="10" Y="492"/>
        <UsageCount Value="10"/>
      </Unit28>
      <Unit29>
        <Filename Value="C:\lazarus\lcl\include\winapih.inc"/>
        <TopLine Value="102"/>
        <CursorPos X="10" Y="124"/>
        <UsageCount Value="13"/>
      </Unit29>
      <Unit30>
        <Filename Value="units\uclassificador.pas"/>
        <UnitName Value="Uclassificador"/>
        <EditorIndex Value="-1"/>
        <TopLine Value="64"/>
        <CursorPos X="15" Y="64"/>
        <UsageCount Value="17"/>
      </Unit30>
      <Unit31>
        <Filename Value="C:\lazarus\lcl\include\progressbar.inc"/>
        <TopLine Value="156"/>
        <CursorPos Y="178"/>
        <UsageCount Value="12"/>
      </Unit31>
      <Unit32>
        <Filename Value="units\aux_interface.pas"/>
        <EditorIndex Value="-1"/>
        <CursorPos X="106" Y="8"/>
        <UsageCount Value="14"/>
      </Unit32>
      <Unit33>
        <Filename Value="units\uacessorios.pas"/>
        <EditorIndex Value="-1"/>
        <TopLine Value="964"/>
        <CursorPos X="44" Y="980"/>
        <UsageCount Value="11"/>
      </Unit33>
      <Unit34>
        <Filename Value="C:\lazarus\fpc\3.0.0\source\rtl\inc\objpash.inc"/>
        <EditorIndex Value="-1"/>
        <TopLine Value="174"/>
        <CursorPos X="23" Y="193"/>
        <UsageCount Value="11"/>
      </Unit34>
      <Unit35>
        <Filename Value="forms\ufrminicial.lfm"/>
        <EditorIndex Value="-1"/>
        <TopLine Value="61"/>
        <CursorPos Y="87"/>
        <UsageCount Value="10"/>
        <DefaultSyntaxHighlighter Value="LFM"/>
      </Unit35>
      <Unit36>
        <Filename Value="forms\uTreeview.lfm"/>
        <EditorIndex Value="-1"/>
        <TopLine Value="787"/>
        <CursorPos Y="804"/>
        <UsageCount Value="10"/>
        <DefaultSyntaxHighlighter Value="LFM"/>
      </Unit36>
      <Unit37>
        <Filename Value="forms\uInterfaceteste.lfm"/>
        <EditorIndex Value="-1"/>
        <TopLine Value="409"/>
        <CursorPos X="22" Y="477"/>
        <UsageCount Value="10"/>
        <DefaultSyntaxHighlighter Value="LFM"/>
      </Unit37>
      <Unit38>
        <Filename Value="C:\lazarus\components\lazsvnpkg\svncommitform.pas"/>
        <ComponentName Value="SVNCommitFrm"/>
        <HasResources Value="True"/>
        <ResourceBaseClass Value="Form"/>
        <UnitName Value="SVNCommitForm"/>
        <EditorIndex Value="-1"/>
        <CursorPos X="29" Y="6"/>
        <UsageCount Value="10"/>
      </Unit38>
      <Unit39>
        <Filename Value="C:\lazarus\components\lazsvnpkg\svnclasses.pas"/>
        <UnitName Value="SVNClasses"/>
        <EditorIndex Value="-1"/>
        <TopLine Value="40"/>
        <CursorPos X="30" Y="32"/>
        <UsageCount Value="10"/>
      </Unit39>
      <Unit40>
        <Filename Value="C:\lazarus\components\lazsvnpkg\svndiffform.pas"/>
        <ComponentName Value="SVNDiffFrm"/>
        <HasResources Value="True"/>
        <ResourceBaseClass Value="Form"/>
        <UnitName Value="SVNDiffForm"/>
        <EditorIndex Value="-1"/>
        <UsageCount Value="10"/>
      </Unit40>
      <Unit41>
        <Filename Value="forms\ufrmabas.lfm"/>
        <EditorIndex Value="-1"/>
        <TopLine Value="61"/>
        <UsageCount Value="10"/>
        <DefaultSyntaxHighlighter Value="LFM"/>
      </Unit41>
    </Units>
    <JumpHistory HistoryIndex="-1"/>
  </ProjectOptions>
  <CompilerOptions>
    <Version Value="11"/>
    <PathDelim Value="\"/>
    <Target>
      <Filename Value="bins/pInterface"/>
    </Target>
    <SearchPaths>
      <IncludeFiles Value="$(ProjOutDir)"/>
      <OtherUnitFiles Value="forms;units;forms\abas"/>
      <UnitOutputDirectory Value="lib\$(TargetCPU)-$(TargetOS)"/>
    </SearchPaths>
    <Linking>
      <Debugging>
        <UseExternalDbgSyms Value="True"/>
      </Debugging>
      <Options>
        <Win32>
          <GraphicApplication Value="True"/>
        </Win32>
      </Options>
    </Linking>
  </CompilerOptions>
  <Debugging>
    <BreakPoints Count="10">
      <Item1>
        <Kind Value="bpkSource"/>
        <WatchScope Value="wpsGlobal"/>
        <WatchKind Value="wpkWrite"/>
        <Source Value="C:\lazarus\fpc\2.4.2\source\rtl\objpas\classes\lists.inc"/>
        <Line Value="615"/>
      </Item1>
      <Item2>
        <Kind Value="bpkSource"/>
        <WatchScope Value="wpsGlobal"/>
        <WatchKind Value="wpkWrite"/>
        <Source Value="C:\lazarus\fpc\2.4.2\source\packages\fcl-base\src\contnrs.pp"/>
        <Line Value="818"/>
      </Item2>
      <Item3>
        <Kind Value="bpkSource"/>
        <WatchScope Value="wpsGlobal"/>
        <WatchKind Value="wpkWrite"/>
        <Source Value="units\upensamento.pas"/>
        <Line Value="116"/>
      </Item3>
      <Item4>
        <Kind Value="bpkSource"/>
        <WatchScope Value="wpsGlobal"/>
        <WatchKind Value="wpkWrite"/>
        <Source Value="units\utarefa.pas"/>
        <Line Value="434"/>
      </Item4>
      <Item5>
        <Kind Value="bpkSource"/>
        <WatchScope Value="wpsGlobal"/>
        <WatchKind Value="wpkWrite"/>
        <Source Value="forms\ufrminicial.pas"/>
        <Line Value="124"/>
      </Item5>
      <Item6>
        <Kind Value="bpkSource"/>
        <WatchScope Value="wpsLocal"/>
        <WatchKind Value="wpkWrite"/>
        <Source Value="units\uacessorios.pas"/>
        <Line Value="969"/>
      </Item6>
      <Item7>
        <Kind Value="bpkSource"/>
        <WatchScope Value="wpsLocal"/>
        <WatchKind Value="wpkWrite"/>
        <Source Value="units\uclassificador.pas"/>
        <Line Value="1190"/>
      </Item7>
      <Item8>
        <Kind Value="bpkSource"/>
        <WatchScope Value="wpsLocal"/>
        <WatchKind Value="wpkWrite"/>
        <Source Value="units\uclassificador.pas"/>
        <Line Value="141"/>
      </Item8>
      <Item9>
        <Kind Value="bpkSource"/>
        <WatchScope Value="wpsLocal"/>
        <WatchKind Value="wpkWrite"/>
        <Source Value="forms\abas\ufrmInterface1.pas"/>
        <Line Value="138"/>
      </Item9>
      <Item10>
        <Kind Value="bpkSource"/>
        <WatchScope Value="wpsLocal"/>
        <WatchKind Value="wpkWrite"/>
        <Source Value="units\uclassificador.pas"/>
        <Line Value="82"/>
      </Item10>
    </BreakPoints>
    <Exceptions Count="3">
      <Item1>
        <Name Value="EAbort"/>
      </Item1>
      <Item2>
        <Name Value="ECodetoolError"/>
      </Item2>
      <Item3>
        <Name Value="EFOpenError"/>
      </Item3>
    </Exceptions>
  </Debugging>
</CONFIG>
